
Microsoft Visual Studio Solution File, Format Version 12.00
# Visual Studio Version 17
VisualStudioVersion = 17.7.34302.85
MinimumVisualStudioVersion = 10.0.40219.1
Project("{FAE04EC0-301F-11D3-BF4B-00C04F79EFBC}") = "FrnClubRegistration", "FrnClubRegistration\FrnClubRegistration.csproj", "{9658D781-5E2D-4EAB-A732-54068F9AAB87}"
EndProject
Global
	GlobalSection(SolutionConfigurationPlatforms) = preSolution
		Debug|Any CPU = Debug|Any CPU
		Release|Any CPU = Release|Any CPU
	EndGlobalSection
	GlobalSection(ProjectConfigurationPlatforms) = postSolution
		{9658D781-5E2D-4EAB-A732-54068F9AAB87}.Debug|Any CPU.ActiveCfg = Debug|Any CPU
		{9658D781-5E2D-4EAB-A732-54068F9AAB87}.Debug|Any CPU.Build.0 = Debug|Any CPU
		{9658D781-5E2D-4EAB-A732-54068F9AAB87}.Release|Any CPU.ActiveCfg = Release|Any CPU
		{9658D781-5E2D-4EAB-A732-54068F9AAB87}.Release|Any CPU.Build.0 = Release|Any CPU
	EndGlobalSection
	GlobalSection(SolutionProperties) = preSolution
		HideSolutionNode = FALSE
	EndGlobalSection
	GlobalSection(ExtensibilityGlobals) = postSolution
		SolutionGuid = {1CE0A055-42AD-4266-A49D-E96D2898DFAD}
	EndGlobalSection
EndGlobal
